
Microsoft Visual Studio Solution File, Format Version 12.00
# Visual Studio Version 17
VisualStudioVersion = 17.13.35931.197
MinimumVisualStudioVersion = 10.0.40219.1
Project("{2150E333-8FDC-42A3-9474-1A3956D46DE8}") = "Solution Items", "Solution Items", "{8EC462FD-D22E-90A8-E5CE-7E832BA40C5D}"
	ProjectSection(SolutionItems) = preProject
		..\..\..\Downloads\TestBenchTarget-r_128x128.ico = ..\..\..\Downloads\TestBenchTarget-r_128x128.ico
	EndProjectSection
EndProject
Project("{C7167F0D-BC9F-4E6E-AFE1-012C56B48DB5}") = "TestBenchTargetWinFormsSetup", "TestBenchTargetWinFormsSetup\TestBenchTargetWinFormsSetup.wapproj", "{3CDA70BD-CD7C-4E71-B9E7-64CAC69538D4}"
EndProject
Project("{FAE04EC0-301F-11D3-BF4B-00C04F79EFBC}") = "TestBenchTargetWinForms", "TestBenchTargetWinForms\TestBenchTargetWinForms.csproj", "{C95B2A9C-8563-429E-9D40-F2DCC0A3BE8D}"
EndProject
Global
	GlobalSection(SolutionConfigurationPlatforms) = preSolution
		Debug|Any CPU = Debug|Any CPU
		Debug|ARM = Debug|ARM
		Debug|ARM64 = Debug|ARM64
		Debug|x64 = Debug|x64
		Debug|x86 = Debug|x86
		Release|Any CPU = Release|Any CPU
		Release|ARM = Release|ARM
		Release|ARM64 = Release|ARM64
		Release|x64 = Release|x64
		Release|x86 = Release|x86
	EndGlobalSection
	GlobalSection(ProjectConfigurationPlatforms) = postSolution
		{3CDA70BD-CD7C-4E71-B9E7-64CAC69538D4}.Debug|Any CPU.ActiveCfg = Debug|Any CPU
		{3CDA70BD-CD7C-4E71-B9E7-64CAC69538D4}.Debug|Any CPU.Build.0 = Debug|Any CPU
		{3CDA70BD-CD7C-4E71-B9E7-64CAC69538D4}.Debug|Any CPU.Deploy.0 = Debug|Any CPU
		{3CDA70BD-CD7C-4E71-B9E7-64CAC69538D4}.Debug|ARM.ActiveCfg = Debug|ARM
		{3CDA70BD-CD7C-4E71-B9E7-64CAC69538D4}.Debug|ARM.Build.0 = Debug|ARM
		{3CDA70BD-CD7C-4E71-B9E7-64CAC69538D4}.Debug|ARM.Deploy.0 = Debug|ARM
		{3CDA70BD-CD7C-4E71-B9E7-64CAC69538D4}.Debug|ARM64.ActiveCfg = Debug|ARM64
		{3CDA70BD-CD7C-4E71-B9E7-64CAC69538D4}.Debug|ARM64.Build.0 = Debug|ARM64
		{3CDA70BD-CD7C-4E71-B9E7-64CAC69538D4}.Debug|ARM64.Deploy.0 = Debug|ARM64
		{3CDA70BD-CD7C-4E71-B9E7-64CAC69538D4}.Debug|x64.ActiveCfg = Debug|x64
		{3CDA70BD-CD7C-4E71-B9E7-64CAC69538D4}.Debug|x64.Build.0 = Debug|x64
		{3CDA70BD-CD7C-4E71-B9E7-64CAC69538D4}.Debug|x64.Deploy.0 = Debug|x64
		{3CDA70BD-CD7C-4E71-B9E7-64CAC69538D4}.Debug|x86.ActiveCfg = Debug|x86
		{3CDA70BD-CD7C-4E71-B9E7-64CAC69538D4}.Debug|x86.Build.0 = Debug|x86
		{3CDA70BD-CD7C-4E71-B9E7-64CAC69538D4}.Debug|x86.Deploy.0 = Debug|x86
		{3CDA70BD-CD7C-4E71-B9E7-64CAC69538D4}.Release|Any CPU.ActiveCfg = Release|Any CPU
		{3CDA70BD-CD7C-4E71-B9E7-64CAC69538D4}.Release|Any CPU.Build.0 = Release|Any CPU
		{3CDA70BD-CD7C-4E71-B9E7-64CAC69538D4}.Release|Any CPU.Deploy.0 = Release|Any CPU
		{3CDA70BD-CD7C-4E71-B9E7-64CAC69538D4}.Release|ARM.ActiveCfg = Release|ARM
		{3CDA70BD-CD7C-4E71-B9E7-64CAC69538D4}.Release|ARM.Build.0 = Release|ARM
		{3CDA70BD-CD7C-4E71-B9E7-64CAC69538D4}.Release|ARM.Deploy.0 = Release|ARM
		{3CDA70BD-CD7C-4E71-B9E7-64CAC69538D4}.Release|ARM64.ActiveCfg = Release|ARM64
		{3CDA70BD-CD7C-4E71-B9E7-64CAC69538D4}.Release|ARM64.Build.0 = Release|ARM64
		{3CDA70BD-CD7C-4E71-B9E7-64CAC69538D4}.Release|ARM64.Deploy.0 = Release|ARM64
		{3CDA70BD-CD7C-4E71-B9E7-64CAC69538D4}.Release|x64.ActiveCfg = Release|x64
		{3CDA70BD-CD7C-4E71-B9E7-64CAC69538D4}.Release|x64.Build.0 = Release|x64
		{3CDA70BD-CD7C-4E71-B9E7-64CAC69538D4}.Release|x64.Deploy.0 = Release|x64
		{3CDA70BD-CD7C-4E71-B9E7-64CAC69538D4}.Release|x86.ActiveCfg = Release|x86
		{3CDA70BD-CD7C-4E71-B9E7-64CAC69538D4}.Release|x86.Build.0 = Release|x86
		{3CDA70BD-CD7C-4E71-B9E7-64CAC69538D4}.Release|x86.Deploy.0 = Release|x86
		{C95B2A9C-8563-429E-9D40-F2DCC0A3BE8D}.Debug|Any CPU.ActiveCfg = Debug|Any CPU
		{C95B2A9C-8563-429E-9D40-F2DCC0A3BE8D}.Debug|Any CPU.Build.0 = Debug|Any CPU
		{C95B2A9C-8563-429E-9D40-F2DCC0A3BE8D}.Debug|ARM.ActiveCfg = Debug|Any CPU
		{C95B2A9C-8563-429E-9D40-F2DCC0A3BE8D}.Debug|ARM.Build.0 = Debug|Any CPU
		{C95B2A9C-8563-429E-9D40-F2DCC0A3BE8D}.Debug|ARM64.ActiveCfg = Debug|Any CPU
		{C95B2A9C-8563-429E-9D40-F2DCC0A3BE8D}.Debug|ARM64.Build.0 = Debug|Any CPU
		{C95B2A9C-8563-429E-9D40-F2DCC0A3BE8D}.Debug|x64.ActiveCfg = Debug|Any CPU
		{C95B2A9C-8563-429E-9D40-F2DCC0A3BE8D}.Debug|x64.Build.0 = Debug|Any CPU
		{C95B2A9C-8563-429E-9D40-F2DCC0A3BE8D}.Debug|x86.ActiveCfg = Debug|Any CPU
		{C95B2A9C-8563-429E-9D40-F2DCC0A3BE8D}.Debug|x86.Build.0 = Debug|Any CPU
		{C95B2A9C-8563-429E-9D40-F2DCC0A3BE8D}.Release|Any CPU.ActiveCfg = Release|Any CPU
		{C95B2A9C-8563-429E-9D40-F2DCC0A3BE8D}.Release|Any CPU.Build.0 = Release|Any CPU
		{C95B2A9C-8563-429E-9D40-F2DCC0A3BE8D}.Release|ARM.ActiveCfg = Release|Any CPU
		{C95B2A9C-8563-429E-9D40-F2DCC0A3BE8D}.Release|ARM.Build.0 = Release|Any CPU
		{C95B2A9C-8563-429E-9D40-F2DCC0A3BE8D}.Release|ARM64.ActiveCfg = Release|Any CPU
		{C95B2A9C-8563-429E-9D40-F2DCC0A3BE8D}.Release|ARM64.Build.0 = Release|Any CPU
		{C95B2A9C-8563-429E-9D40-F2DCC0A3BE8D}.Release|x64.ActiveCfg = Release|Any CPU
		{C95B2A9C-8563-429E-9D40-F2DCC0A3BE8D}.Release|x64.Build.0 = Release|Any CPU
		{C95B2A9C-8563-429E-9D40-F2DCC0A3BE8D}.Release|x86.ActiveCfg = Release|Any CPU
		{C95B2A9C-8563-429E-9D40-F2DCC0A3BE8D}.Release|x86.Build.0 = Release|Any CPU
	EndGlobalSection
	GlobalSection(SolutionProperties) = preSolution
		HideSolutionNode = FALSE
	EndGlobalSection
	GlobalSection(ExtensibilityGlobals) = postSolution
		SolutionGuid = {1E24DC8D-7FF9-4076-92DC-F1BC3C90660C}
	EndGlobalSection
EndGlobal
